
Microsoft Visual Studio Solution File, Format Version 12.00
# Visual Studio Version 17
VisualStudioVersion = 17.4.33213.308
MinimumVisualStudioVersion = 10.0.40219.1
Project("{FAE04EC0-301F-11D3-BF4B-00C04F79EFBC}") = "ChallengeApp", "ChallengeApp\ChallengeApp.csproj", "{A50D6E26-A44A-4000-9FC2-882F579A807B}"
EndProject
Global
	GlobalSection(SolutionConfigurationPlatforms) = preSolution
		Debug|Any CPU = Debug|Any CPU
		Release|Any CPU = Release|Any CPU
	EndGlobalSection
	GlobalSection(ProjectConfigurationPlatforms) = postSolution
		{A50D6E26-A44A-4000-9FC2-882F579A807B}.Debug|Any CPU.ActiveCfg = Debug|Any CPU
		{A50D6E26-A44A-4000-9FC2-882F579A807B}.Debug|Any CPU.Build.0 = Debug|Any CPU
		{A50D6E26-A44A-4000-9FC2-882F579A807B}.Release|Any CPU.ActiveCfg = Release|Any CPU
		{A50D6E26-A44A-4000-9FC2-882F579A807B}.Release|Any CPU.Build.0 = Release|Any CPU
	EndGlobalSection
	GlobalSection(SolutionProperties) = preSolution
		HideSolutionNode = FALSE
	EndGlobalSection
	GlobalSection(ExtensibilityGlobals) = postSolution
		SolutionGuid = {B809EF50-36C4-41B3-A17F-D53ECE4AD794}
	EndGlobalSection
EndGlobal
